
Microsoft Visual Studio Solution File, Format Version 12.00
# Visual Studio Version 17
VisualStudioVersion = 17.12.35209.166
MinimumVisualStudioVersion = 10.0.40219.1
Project("{FAE04EC0-301F-11D3-BF4B-00C04F79EFBC}") = "ClothingBrandDashboard", "ClothingBrandDashboard\ClothingBrandDashboard.csproj", "{D51D0458-F0EB-45C2-BDBD-F724F80D90F0}"
EndProject
Global
	GlobalSection(SolutionConfigurationPlatforms) = preSolution
		Debug|Any CPU = Debug|Any CPU
		Release|Any CPU = Release|Any CPU
	EndGlobalSection
	GlobalSection(ProjectConfigurationPlatforms) = postSolution
		{D51D0458-F0EB-45C2-BDBD-F724F80D90F0}.Debug|Any CPU.ActiveCfg = Debug|Any CPU
		{D51D0458-F0EB-45C2-BDBD-F724F80D90F0}.Debug|Any CPU.Build.0 = Debug|Any CPU
		{D51D0458-F0EB-45C2-BDBD-F724F80D90F0}.Release|Any CPU.ActiveCfg = Release|Any CPU
		{D51D0458-F0EB-45C2-BDBD-F724F80D90F0}.Release|Any CPU.Build.0 = Release|Any CPU
	EndGlobalSection
	GlobalSection(SolutionProperties) = preSolution
		HideSolutionNode = FALSE
	EndGlobalSection
	GlobalSection(ExtensibilityGlobals) = postSolution
		SolutionGuid = {590CD067-C602-48FB-BFC7-8E87A7E53A7D}
	EndGlobalSection
EndGlobal
